[[package]]
name = "clear"
version = "1.0.1"
description = "Command-line extract and rename utility"
category = "main"
optional = false
python-versions = "*"

[package.dependencies]
goodlogging = "*"
rarfile = "2.7"
requests = "2.6.0"

[[package]]
name = "goodlogging"
version = "1.0.1"
description = "Logging module for command line utilities"
category = "main"
optional = false
python-versions = "*"

[[package]]
name = "rarfile"
version = "2.7"
description = "RAR archive reader for Python"
category = "main"
optional = false
python-versions = "*"

[[package]]
name = "requests"
version = "2.6.0"
description = "Python HTTP for Humans."
category = "main"
optional = false
python-versions = "*"

[package.extras]
security = ["pyopenssl", "ndg-httpsclient", "pyasn1"]

[metadata]
lock-version = "1.1"
python-versions = "^3.8"
content-hash = "3d9ec0139ffd3b7924b2d8e9f9eae56e97970c8e0bc2dada04f83fc31c3e5a97"

[metadata.files]
clear = [
    {file = "clear-1.0.1-py3-none-any.whl", hash = "sha256:8cb23061fcbd94c49b242b136c504ca7701d8047c5b2232e28328d1a5abbd89e"},
    {file = "clear-1.0.1.tar.gz", hash = "sha256:5b816011de26b0966b70617bc14983eee04babc4ca9f0335e696f0d8a93ca2ec"},
]
goodlogging = [
    {file = "goodlogging-1.0.1-py3-none-any.whl", hash = "sha256:dd29a2d5cb33578efba5354036a5d025e5f537b0fd7708a36bc1bc5f87c5adf8"},
    {file = "goodlogging-1.0.1.tar.gz", hash = "sha256:37158f8a4d8ecb7fc34961ebc51b775590a85f63934fae8c9d48d556b64e408b"},
]
rarfile = [
    {file = "rarfile-2.7.tar.gz", hash = "sha256:47148088ddb6c020774f4c38927fec9625ca33651bdc551bdaeafc78690b1635"},
]
requests = [
    {file = "requests-2.6.0-py2.py3-none-any.whl", hash = "sha256:fdb9af60d47ca57a80df0a213336019a34ff6192d8fff361c349f2c8398fe460"},
    {file = "requests-2.6.0.tar.gz", hash = "sha256:1cdbed1f0e236f35ef54e919982c7a338e4fea3786310933d3a7887a04b74d75"},
]
